
Microsoft Visual Studio Solution File, Format Version 10.00
# Visual Basic Express 2008
Project("{F184B08F-C81C-45F6-A57F-5ABD9991F28F}") = "Assignment", "Assignment\Assignment.vbproj", "{5A66108A-8F45-4D9C-990C-0E939D463ABB}"
EndProject
Global
	GlobalSection(SolutionConfigurationPlatforms) = preSolution
		Debug|Any CPU = Debug|Any CPU
		Release|Any CPU = Release|Any CPU
	EndGlobalSection
	GlobalSection(ProjectConfigurationPlatforms) = postSolution
		{5A66108A-8F45-4D9C-990C-0E939D463ABB}.Debug|Any CPU.ActiveCfg = Debug|Any CPU
		{5A66108A-8F45-4D9C-990C-0E939D463ABB}.Debug|Any CPU.Build.0 = Debug|Any CPU
		{5A66108A-8F45-4D9C-990C-0E939D463ABB}.Release|Any CPU.ActiveCfg = Release|Any CPU
		{5A66108A-8F45-4D9C-990C-0E939D463ABB}.Release|Any CPU.Build.0 = Release|Any CPU
	EndGlobalSection
	GlobalSection(SolutionProperties) = preSolution
		HideSolutionNode = FALSE
	EndGlobalSection
EndGlobal
