
Microsoft Visual Studio Solution File, Format Version 10.00
# Visual Basic Express 2008
Project("{F184B08F-C81C-45F6-A57F-5ABD9991F28F}") = "December 7, 2009", "December 7, 2009\December 7, 2009.vbproj", "{0A8A09AC-54B9-42C9-BE1F-513FAC078EA9}"
EndProject
Global
	GlobalSection(SolutionConfigurationPlatforms) = preSolution
		Debug|Any CPU = Debug|Any CPU
		Release|Any CPU = Release|Any CPU
	EndGlobalSection
	GlobalSection(ProjectConfigurationPlatforms) = postSolution
		{0A8A09AC-54B9-42C9-BE1F-513FAC078EA9}.Debug|Any CPU.ActiveCfg = Debug|Any CPU
		{0A8A09AC-54B9-42C9-BE1F-513FAC078EA9}.Debug|Any CPU.Build.0 = Debug|Any CPU
		{0A8A09AC-54B9-42C9-BE1F-513FAC078EA9}.Release|Any CPU.ActiveCfg = Release|Any CPU
		{0A8A09AC-54B9-42C9-BE1F-513FAC078EA9}.Release|Any CPU.Build.0 = Release|Any CPU
	EndGlobalSection
	GlobalSection(SolutionProperties) = preSolution
		HideSolutionNode = FALSE
	EndGlobalSection
EndGlobal
